
Microsoft Visual Studio Solution File, Format Version 12.00
# Visual Studio Version 17
VisualStudioVersion = 17.5.33516.290
MinimumVisualStudioVersion = 10.0.40219.1
Project("{FAE04EC0-301F-11D3-BF4B-00C04F79EFBC}") = "Sweet_Shop", "Sweet_Shop\Sweet_Shop.csproj", "{274D5728-0C05-4C75-B0A7-7549C3EEDBA1}"
EndProject
Global
	GlobalSection(SolutionConfigurationPlatforms) = preSolution
		Debug|Any CPU = Debug|Any CPU
		Release|Any CPU = Release|Any CPU
	EndGlobalSection
	GlobalSection(ProjectConfigurationPlatforms) = postSolution
		{274D5728-0C05-4C75-B0A7-7549C3EEDBA1}.Debug|Any CPU.ActiveCfg = Debug|Any CPU
		{274D5728-0C05-4C75-B0A7-7549C3EEDBA1}.Debug|Any CPU.Build.0 = Debug|Any CPU
		{274D5728-0C05-4C75-B0A7-7549C3EEDBA1}.Release|Any CPU.ActiveCfg = Release|Any CPU
		{274D5728-0C05-4C75-B0A7-7549C3EEDBA1}.Release|Any CPU.Build.0 = Release|Any CPU
	EndGlobalSection
	GlobalSection(SolutionProperties) = preSolution
		HideSolutionNode = FALSE
	EndGlobalSection
	GlobalSection(ExtensibilityGlobals) = postSolution
		SolutionGuid = {CBA5EF47-0098-466D-AD82-9E6A141F051F}
	EndGlobalSection
EndGlobal
